#MicroXplorer Configuration settings - do not modify
ADC1.Channel-0\#ChannelRegularConversion=ADC_CHANNEL_3
ADC1.Channel-1\#ChannelRegularConversion=ADC_CHANNEL_3
ADC1.Channel-2\#ChannelRegularConversion=ADC_CHANNEL_3
ADC1.Channel-3\#ChannelRegularConversion=ADC_CHANNEL_4
ADC1.ClockPrescaler=ADC_CLOCK_ASYNC_DIV1
ADC1.ContinuousConvMode=DISABLE
ADC1.DMAAccessMode=ADC_DMAACCESSMODE_12_10_BITS
ADC1.DMAContinuousRequests=ENABLE
ADC1.ExternalTrigConv=ADC_EXTERNALTRIGCONV_T8_TRGO
ADC1.ExternalTrigConvEdge=ADC_EXTERNALTRIGCONVEDGE_RISING
ADC1.IPParameters=Mode,DMAAccessMode,TwoSamplingDelay,ClockPrescaler,ScanConvMode,ContinuousConvMode,DMAContinuousRequests,Overrun,NbrOfConversion,NbrOfConversionFlag,master,ExternalTrigConv,ExternalTrigConvEdge,Rank-0\#ChannelRegularConversion,Channel-0\#ChannelRegularConversion,SamplingTime-0\#ChannelRegularConversion,OffsetNumber-0\#ChannelRegularConversion,Offset-0\#ChannelRegularConversion,Rank-1\#ChannelRegularConversion,Channel-1\#ChannelRegularConversion,SamplingTime-1\#ChannelRegularConversion,OffsetNumber-1\#ChannelRegularConversion,Offset-1\#ChannelRegularConversion,Rank-2\#ChannelRegularConversion,Channel-2\#ChannelRegularConversion,SamplingTime-2\#ChannelRegularConversion,OffsetNumber-2\#ChannelRegularConversion,Offset-2\#ChannelRegularConversion,Rank-3\#ChannelRegularConversion,Channel-3\#ChannelRegularConversion,SamplingTime-3\#ChannelRegularConversion,OffsetNumber-3\#ChannelRegularConversion,Offset-3\#ChannelRegularConversion
ADC1.Mode=ADC_DUALMODE_REGSIMULT
ADC1.NbrOfConversion=4
ADC1.NbrOfConversionFlag=1
ADC1.Offset-0\#ChannelRegularConversion=0
ADC1.Offset-1\#ChannelRegularConversion=0
ADC1.Offset-2\#ChannelRegularConversion=0
ADC1.Offset-3\#ChannelRegularConversion=0
ADC1.OffsetNumber-0\#ChannelRegularConversion=ADC_OFFSET_NONE
ADC1.OffsetNumber-1\#ChannelRegularConversion=ADC_OFFSET_NONE
ADC1.OffsetNumber-2\#ChannelRegularConversion=ADC_OFFSET_NONE
ADC1.OffsetNumber-3\#ChannelRegularConversion=ADC_OFFSET_NONE
ADC1.Overrun=ADC_OVR_DATA_OVERWRITTEN
ADC1.Rank-0\#ChannelRegularConversion=1
ADC1.Rank-1\#ChannelRegularConversion=2
ADC1.Rank-2\#ChannelRegularConversion=3
ADC1.Rank-3\#ChannelRegularConversion=4
ADC1.SamplingTime-0\#ChannelRegularConversion=ADC_SAMPLETIME_19CYCLES_5
ADC1.SamplingTime-1\#ChannelRegularConversion=ADC_SAMPLETIME_19CYCLES_5
ADC1.SamplingTime-2\#ChannelRegularConversion=ADC_SAMPLETIME_19CYCLES_5
ADC1.SamplingTime-3\#ChannelRegularConversion=ADC_SAMPLETIME_181CYCLES_5
ADC1.ScanConvMode=ADC_SCAN_ENABLE
ADC1.TwoSamplingDelay=ADC_TWOSAMPLINGDELAY_1CYCLE
ADC1.master=1
ADC2.Channel-0\#ChannelRegularConversion=ADC_CHANNEL_3
ADC2.Channel-1\#ChannelRegularConversion=ADC_CHANNEL_3
ADC2.Channel-2\#ChannelRegularConversion=ADC_CHANNEL_3
ADC2.Channel-3\#ChannelRegularConversion=ADC_CHANNEL_2
ADC2.IPParameters=Mode,ScanConvMode,NbrOfConversion,NbrOfConversionFlag,Rank-0\#ChannelRegularConversion,Channel-0\#ChannelRegularConversion,SamplingTime-0\#ChannelRegularConversion,OffsetNumber-0\#ChannelRegularConversion,Offset-0\#ChannelRegularConversion,Rank-1\#ChannelRegularConversion,Channel-1\#ChannelRegularConversion,SamplingTime-1\#ChannelRegularConversion,OffsetNumber-1\#ChannelRegularConversion,Offset-1\#ChannelRegularConversion,Rank-2\#ChannelRegularConversion,Channel-2\#ChannelRegularConversion,SamplingTime-2\#ChannelRegularConversion,OffsetNumber-2\#ChannelRegularConversion,Offset-2\#ChannelRegularConversion,Rank-3\#ChannelRegularConversion,Channel-3\#ChannelRegularConversion,SamplingTime-3\#ChannelRegularConversion,OffsetNumber-3\#ChannelRegularConversion,Offset-3\#ChannelRegularConversion
ADC2.Mode=ADC_DUALMODE_REGSIMULT
ADC2.NbrOfConversion=4
ADC2.NbrOfConversionFlag=1
ADC2.Offset-0\#ChannelRegularConversion=0
ADC2.Offset-1\#ChannelRegularConversion=0
ADC2.Offset-2\#ChannelRegularConversion=0
ADC2.Offset-3\#ChannelRegularConversion=0
ADC2.OffsetNumber-0\#ChannelRegularConversion=ADC_OFFSET_NONE
ADC2.OffsetNumber-1\#ChannelRegularConversion=ADC_OFFSET_NONE
ADC2.OffsetNumber-2\#ChannelRegularConversion=ADC_OFFSET_NONE
ADC2.OffsetNumber-3\#ChannelRegularConversion=ADC_OFFSET_NONE
ADC2.Rank-0\#ChannelRegularConversion=1
ADC2.Rank-1\#ChannelRegularConversion=2
ADC2.Rank-2\#ChannelRegularConversion=3
ADC2.Rank-3\#ChannelRegularConversion=4
ADC2.SamplingTime-0\#ChannelRegularConversion=ADC_SAMPLETIME_19CYCLES_5
ADC2.SamplingTime-1\#ChannelRegularConversion=ADC_SAMPLETIME_19CYCLES_5
ADC2.SamplingTime-2\#ChannelRegularConversion=ADC_SAMPLETIME_19CYCLES_5
ADC2.SamplingTime-3\#ChannelRegularConversion=ADC_SAMPLETIME_181CYCLES_5
ADC2.ScanConvMode=ADC_SCAN_ENABLE
ADC3.Channel-0\#ChannelRegularConversion=ADC_CHANNEL_1
ADC3.Channel-1\#ChannelRegularConversion=ADC_CHANNEL_1
ADC3.Channel-2\#ChannelRegularConversion=ADC_CHANNEL_1
ADC3.Channel-3\#ChannelRegularConversion=ADC_CHANNEL_5
ADC3.ClockPrescaler=ADC_CLOCK_ASYNC_DIV1
ADC3.ContinuousConvMode=DISABLE
ADC3.DMAAccessMode=ADC_DMAACCESSMODE_12_10_BITS
ADC3.DMAContinuousRequests=ENABLE
ADC3.ExternalTrigConv=ADC_EXTERNALTRIGCONV_T8_TRGO
ADC3.ExternalTrigConvEdge=ADC_EXTERNALTRIGCONVEDGE_RISING
ADC3.IPParameters=Mode,DMAAccessMode,TwoSamplingDelay,ClockPrescaler,ScanConvMode,ContinuousConvMode,DMAContinuousRequests,Overrun,NbrOfConversion,NbrOfConversionFlag,master,ExternalTrigConv,ExternalTrigConvEdge,Rank-0\#ChannelRegularConversion,Channel-0\#ChannelRegularConversion,SamplingTime-0\#ChannelRegularConversion,OffsetNumber-0\#ChannelRegularConversion,Offset-0\#ChannelRegularConversion,Rank-1\#ChannelRegularConversion,Channel-1\#ChannelRegularConversion,SamplingTime-1\#ChannelRegularConversion,OffsetNumber-1\#ChannelRegularConversion,Offset-1\#ChannelRegularConversion,Rank-2\#ChannelRegularConversion,Channel-2\#ChannelRegularConversion,SamplingTime-2\#ChannelRegularConversion,OffsetNumber-2\#ChannelRegularConversion,Offset-2\#ChannelRegularConversion,Rank-3\#ChannelRegularConversion,Channel-3\#ChannelRegularConversion,SamplingTime-3\#ChannelRegularConversion,OffsetNumber-3\#ChannelRegularConversion,Offset-3\#ChannelRegularConversion
ADC3.Mode=ADC_DUALMODE_REGSIMULT
ADC3.NbrOfConversion=4
ADC3.NbrOfConversionFlag=1
ADC3.Offset-0\#ChannelRegularConversion=0
ADC3.Offset-1\#ChannelRegularConversion=0
ADC3.Offset-2\#ChannelRegularConversion=0
ADC3.Offset-3\#ChannelRegularConversion=0
ADC3.OffsetNumber-0\#ChannelRegularConversion=ADC_OFFSET_NONE
ADC3.OffsetNumber-1\#ChannelRegularConversion=ADC_OFFSET_NONE
ADC3.OffsetNumber-2\#ChannelRegularConversion=ADC_OFFSET_NONE
ADC3.OffsetNumber-3\#ChannelRegularConversion=ADC_OFFSET_NONE
ADC3.Overrun=ADC_OVR_DATA_OVERWRITTEN
ADC3.Rank-0\#ChannelRegularConversion=1
ADC3.Rank-1\#ChannelRegularConversion=2
ADC3.Rank-2\#ChannelRegularConversion=3
ADC3.Rank-3\#ChannelRegularConversion=4
ADC3.SamplingTime-0\#ChannelRegularConversion=ADC_SAMPLETIME_19CYCLES_5
ADC3.SamplingTime-1\#ChannelRegularConversion=ADC_SAMPLETIME_19CYCLES_5
ADC3.SamplingTime-2\#ChannelRegularConversion=ADC_SAMPLETIME_19CYCLES_5
ADC3.SamplingTime-3\#ChannelRegularConversion=ADC_SAMPLETIME_181CYCLES_5
ADC3.ScanConvMode=ADC_SCAN_ENABLE
ADC3.TwoSamplingDelay=ADC_TWOSAMPLINGDELAY_1CYCLE
ADC3.master=1
ADC4.Channel-0\#ChannelRegularConversion=ADC_CHANNEL_4
ADC4.Channel-1\#ChannelRegularConversion=ADC_CHANNEL_4
ADC4.Channel-2\#ChannelRegularConversion=ADC_CHANNEL_5
ADC4.Channel-3\#ChannelRegularConversion=ADC_CHANNEL_3
ADC4.IPParameters=Mode,ScanConvMode,NbrOfConversion,NbrOfConversionFlag,Rank-0\#ChannelRegularConversion,Channel-0\#ChannelRegularConversion,SamplingTime-0\#ChannelRegularConversion,OffsetNumber-0\#ChannelRegularConversion,Offset-0\#ChannelRegularConversion,Rank-1\#ChannelRegularConversion,Channel-1\#ChannelRegularConversion,SamplingTime-1\#ChannelRegularConversion,OffsetNumber-1\#ChannelRegularConversion,Offset-1\#ChannelRegularConversion,Rank-2\#ChannelRegularConversion,Channel-2\#ChannelRegularConversion,SamplingTime-2\#ChannelRegularConversion,OffsetNumber-2\#ChannelRegularConversion,Offset-2\#ChannelRegularConversion,Rank-3\#ChannelRegularConversion,Channel-3\#ChannelRegularConversion,SamplingTime-3\#ChannelRegularConversion,OffsetNumber-3\#ChannelRegularConversion,Offset-3\#ChannelRegularConversion
ADC4.Mode=ADC_DUALMODE_REGSIMULT
ADC4.NbrOfConversion=4
ADC4.NbrOfConversionFlag=1
ADC4.Offset-0\#ChannelRegularConversion=0
ADC4.Offset-1\#ChannelRegularConversion=0
ADC4.Offset-2\#ChannelRegularConversion=0
ADC4.Offset-3\#ChannelRegularConversion=0
ADC4.OffsetNumber-0\#ChannelRegularConversion=ADC_OFFSET_NONE
ADC4.OffsetNumber-1\#ChannelRegularConversion=ADC_OFFSET_NONE
ADC4.OffsetNumber-2\#ChannelRegularConversion=ADC_OFFSET_NONE
ADC4.OffsetNumber-3\#ChannelRegularConversion=ADC_OFFSET_NONE
ADC4.Rank-0\#ChannelRegularConversion=1
ADC4.Rank-1\#ChannelRegularConversion=2
ADC4.Rank-2\#ChannelRegularConversion=3
ADC4.Rank-3\#ChannelRegularConversion=4
ADC4.SamplingTime-0\#ChannelRegularConversion=ADC_SAMPLETIME_61CYCLES_5
ADC4.SamplingTime-1\#ChannelRegularConversion=ADC_SAMPLETIME_61CYCLES_5
ADC4.SamplingTime-2\#ChannelRegularConversion=ADC_SAMPLETIME_61CYCLES_5
ADC4.SamplingTime-3\#ChannelRegularConversion=ADC_SAMPLETIME_181CYCLES_5
ADC4.ScanConvMode=ADC_SCAN_ENABLE
CAD.formats=
CAD.pinconfig=
CAD.provider=
COMP1.IPParameters=InvertingInput,Output
COMP1.InvertingInput=COMP_INVERTINGINPUT_DAC1_CH1
COMP1.Output=COMP_OUTPUT_TIM8BKIN2
COMP2.IPParameters=InvertingInput,Output
COMP2.InvertingInput=COMP_INVERTINGINPUT_DAC1_CH1
COMP2.Output=COMP_OUTPUT_TIM8BKIN2
COMP4.IPParameters=InvertingInput,Output
COMP4.InvertingInput=COMP_INVERTINGINPUT_DAC1_CH1
COMP4.Output=COMP_OUTPUT_TIM8BKIN
DAC.DAC_OutputBuffer=DAC_OUTPUTBUFFER_DISABLE
DAC.IPParameters=DAC_OutputBuffer
Dma.ADC1.0.Direction=DMA_PERIPH_TO_MEMORY
Dma.ADC1.0.Instance=DMA1_Channel1
Dma.ADC1.0.MemDataAlignment=DMA_MDATAALIGN_WORD
Dma.ADC1.0.MemInc=DMA_MINC_ENABLE
Dma.ADC1.0.Mode=DMA_CIRCULAR
Dma.ADC1.0.PeriphDataAlignment=DMA_PDATAALIGN_WORD
Dma.ADC1.0.PeriphInc=DMA_PINC_DISABLE
Dma.ADC1.0.Priority=DMA_PRIORITY_VERY_HIGH
Dma.ADC1.0.RequestParameters=Instance,Direction,PeriphInc,MemInc,PeriphDataAlignment,MemDataAlignment,Mode,Priority
Dma.ADC3.1.Direction=DMA_PERIPH_TO_MEMORY
Dma.ADC3.1.Instance=DMA2_Channel5
Dma.ADC3.1.MemDataAlignment=DMA_MDATAALIGN_WORD
Dma.ADC3.1.MemInc=DMA_MINC_ENABLE
Dma.ADC3.1.Mode=DMA_CIRCULAR
Dma.ADC3.1.PeriphDataAlignment=DMA_PDATAALIGN_WORD
Dma.ADC3.1.PeriphInc=DMA_PINC_DISABLE
Dma.ADC3.1.Priority=DMA_PRIORITY_VERY_HIGH
Dma.ADC3.1.RequestParameters=Instance,Direction,PeriphInc,MemInc,PeriphDataAlignment,MemDataAlignment,Mode,Priority
Dma.Request0=ADC1
Dma.Request1=ADC3
Dma.Request2=USART3_TX
Dma.Request3=USART3_RX
Dma.RequestsNb=4
Dma.USART3_RX.3.Direction=DMA_PERIPH_TO_MEMORY
Dma.USART3_RX.3.Instance=DMA1_Channel3
Dma.USART3_RX.3.MemDataAlignment=DMA_MDATAALIGN_BYTE
Dma.USART3_RX.3.MemInc=DMA_MINC_ENABLE
Dma.USART3_RX.3.Mode=DMA_NORMAL
Dma.USART3_RX.3.PeriphDataAlignment=DMA_PDATAALIGN_BYTE
Dma.USART3_RX.3.PeriphInc=DMA_PINC_DISABLE
Dma.USART3_RX.3.Priority=DMA_PRIORITY_HIGH
Dma.USART3_RX.3.RequestParameters=Instance,Direction,PeriphInc,MemInc,PeriphDataAlignment,MemDataAlignment,Mode,Priority
Dma.USART3_TX.2.Direction=DMA_MEMORY_TO_PERIPH
Dma.USART3_TX.2.Instance=DMA1_Channel2
Dma.USART3_TX.2.MemDataAlignment=DMA_MDATAALIGN_BYTE
Dma.USART3_TX.2.MemInc=DMA_MINC_ENABLE
Dma.USART3_TX.2.Mode=DMA_NORMAL
Dma.USART3_TX.2.PeriphDataAlignment=DMA_PDATAALIGN_BYTE
Dma.USART3_TX.2.PeriphInc=DMA_PINC_DISABLE
Dma.USART3_TX.2.Priority=DMA_PRIORITY_HIGH
Dma.USART3_TX.2.RequestParameters=Instance,Direction,PeriphInc,MemInc,PeriphDataAlignment,MemDataAlignment,Mode,Priority
File.Version=6
IWDG.IPParameters=Prescaler
IWDG.Prescaler=IWDG_PRESCALER_4
KeepUserPlacement=false
Mcu.CPN=STM32F303CBT6
Mcu.Family=STM32F3
Mcu.IP0=ADC1
Mcu.IP1=ADC2
Mcu.IP10=IWDG
Mcu.IP11=NVIC
Mcu.IP12=OPAMP1
Mcu.IP13=OPAMP2
Mcu.IP14=OPAMP3
Mcu.IP15=RCC
Mcu.IP16=RTC
Mcu.IP17=SYS
Mcu.IP18=TIM8
Mcu.IP19=USART3
Mcu.IP2=ADC3
Mcu.IP3=ADC4
Mcu.IP4=COMP1
Mcu.IP5=COMP2
Mcu.IP6=COMP4
Mcu.IP7=CRC
Mcu.IP8=DAC
Mcu.IP9=DMA
Mcu.IPNb=20
Mcu.Name=STM32F303C(B-C)Tx
Mcu.Package=LQFP48
Mcu.Pin0=PF0-OSC_IN
Mcu.Pin1=PF1-OSC_OUT
Mcu.Pin10=PB1
Mcu.Pin11=PB2
Mcu.Pin12=PB10
Mcu.Pin13=PB11
Mcu.Pin14=PB12
Mcu.Pin15=PB13
Mcu.Pin16=PB14
Mcu.Pin17=PB15
Mcu.Pin18=PA8
Mcu.Pin19=PA9
Mcu.Pin2=PA1
Mcu.Pin20=PA10
Mcu.Pin21=PA13
Mcu.Pin22=PA14
Mcu.Pin23=PA15
Mcu.Pin24=PB3
Mcu.Pin25=PB4
Mcu.Pin26=PB5
Mcu.Pin27=PB6
Mcu.Pin28=PB7
Mcu.Pin29=PB8
Mcu.Pin3=PA2
Mcu.Pin30=PB9
Mcu.Pin31=VP_ADC1_OPAMP_OUT1
Mcu.Pin32=VP_ADC2_OPAMP_OUT2
Mcu.Pin33=VP_ADC3_OPAMP_OUT3
Mcu.Pin34=VP_COMP1_VS_DAC1OUT1
Mcu.Pin35=VP_COMP2_VS_DAC1OUT1
Mcu.Pin36=VP_COMP4_VS_DAC1OUT1
Mcu.Pin37=VP_CRC_VS_CRC
Mcu.Pin38=VP_IWDG_VS_IWDG
Mcu.Pin39=VP_RTC_VS_RTC_Activate
Mcu.Pin4=PA3
Mcu.Pin40=VP_SYS_VS_Systick
Mcu.Pin41=VP_TIM8_VS_ClockSourceINT
Mcu.Pin5=PA4
Mcu.Pin6=PA5
Mcu.Pin7=PA6
Mcu.Pin8=PA7
Mcu.Pin9=PB0
Mcu.PinsNb=42
Mcu.ThirdPartyNb=0
Mcu.UserConstants=
Mcu.UserName=STM32F303CBTx
MxCube.Version=6.18.1
MxDb.Version=DB.6.0.181
NVIC.BusFault_IRQn=true\:0\:0\:false\:false\:false\:true\:false\:false
NVIC.DebugMonitor_IRQn=true\:0\:0\:false\:false\:false\:true\:false\:false
NVIC.ForceEnableDMAVector=false
NVIC.HardFault_IRQn=true\:0\:0\:false\:false\:false\:true\:false\:false
NVIC.MemoryManagement_IRQn=true\:0\:0\:false\:false\:false\:true\:false\:false
NVIC.NonMaskableInt_IRQn=true\:0\:0\:false\:false\:false\:true\:false\:false
NVIC.PendSV_IRQn=true\:0\:0\:false\:false\:true\:true\:false\:false
NVIC.PriorityGroup=NVIC_PRIORITYGROUP_4
NVIC.SVCall_IRQn=true\:0\:0\:false\:false\:true\:true\:false\:false
NVIC.SysTick_IRQn=true\:14\:0\:false\:false\:true\:true\:true\:false
NVIC.TIM8_BRK_IRQn=true\:0\:0\:false\:false\:false\:true\:false\:false
NVIC.TIM8_UP_IRQn=true\:1\:0\:false\:false\:false\:true\:false\:false
NVIC.UsageFault_IRQn=true\:0\:0\:false\:false\:false\:true\:false\:false
OPAMP1.IPParameters=PgaGain
OPAMP1.PgaGain=OPAMP_PGA_GAIN_16
OPAMP2.IPParameters=PgaGain
OPAMP2.PgaGain=OPAMP_PGA_GAIN_16
OPAMP3.IPParameters=PgaGain
OPAMP3.PgaGain=OPAMP_PGA_GAIN_16
PA1.GPIOParameters=GPIO_Label
PA1.GPIO_Label=A_IW
PA1.Locked=true
PA1.Signal=SharedAnalog_PA1
PA10.GPIOParameters=GPIO_Label
PA10.GPIO_Label=DBG_IDLE
PA10.Locked=true
PA10.Signal=GPIO_Output
PA13.Locked=true
PA13.Mode=Serial_Wire
PA13.Signal=SYS_JTMS-SWDIO
PA14.Locked=true
PA14.Mode=Serial_Wire
PA14.Signal=SYS_JTCK-SWCLK
PA15.GPIOParameters=GPIO_Label
PA15.GPIO_Label=HV_EN
PA15.Locked=true
PA15.Signal=GPIO_Output
PA2.GPIOParameters=GPIO_Label
PA2.GPIO_Label=IW_AMP
PA2.Locked=true
PA2.Mode=PGA Not Connected
PA2.Signal=OPAMP1_VOUT
PA3.GPIOParameters=GPIO_Label
PA3.GPIO_Label=UW
PA3.Locked=true
PA3.Mode=IN4-Single-Ended
PA3.Signal=ADC1_IN4
PA4.GPIOParameters=GPIO_Label
PA4.GPIO_Label=OC_DAC
PA4.Locked=true
PA4.Signal=COMP_DAC1_group
PA5.GPIOParameters=GPIO_Label
PA5.GPIO_Label=UV
PA5.Locked=true
PA5.Mode=IN2-Single-Ended
PA5.Signal=ADC2_IN2
PA6.GPIOParameters=GPIO_Label
PA6.GPIO_Label=IU_AMP
PA6.Locked=true
PA6.Mode=PGA Not Connected
PA6.Signal=OPAMP2_VOUT
PA7.GPIOParameters=GPIO_Label
PA7.GPIO_Label=A_IU
PA7.Locked=true
PA7.Signal=SharedAnalog_PA7
PA8.GPIOParameters=GPIO_Label
PA8.GPIO_Label=LED
PA8.Locked=true
PA8.Signal=GPIO_Output
PA9.GPIOParameters=GPIO_Label
PA9.GPIO_Label=DBG_RT
PA9.Locked=true
PA9.Signal=GPIO_Output
PB0.GPIOParameters=GPIO_Label
PB0.GPIO_Label=A_IV
PB0.Locked=true
PB0.Signal=SharedAnalog_PB0
PB1.GPIOParameters=GPIO_Label
PB1.GPIO_Label=IV_AMP
PB1.Locked=true
PB1.Mode=PGA Not Connected
PB1.Signal=OPAMP3_VOUT
PB10.GPIOParameters=GPIO_Label
PB10.GPIO_Label=LS_TX
PB10.Locked=true
PB10.Mode=Asynchronous
PB10.Signal=USART3_TX
PB11.GPIOParameters=GPIO_Label
PB11.GPIO_Label=LS_RX
PB11.Locked=true
PB11.Mode=Asynchronous
PB11.Signal=USART3_RX
PB12.GPIOParameters=GPIO_Label
PB12.GPIO_Label=UDC
PB12.Locked=true
PB12.Mode=IN3-Single-Ended
PB12.Signal=ADC4_IN3
PB13.GPIOParameters=GPIO_Label
PB13.GPIO_Label=UU
PB13.Locked=true
PB13.Mode=IN5-Single-Ended
PB13.Signal=ADC3_IN5
PB14.GPIOParameters=GPIO_Label
PB14.GPIO_Label=HV_TEMP
PB14.Locked=true
PB14.Mode=IN4-Single-Ended
PB14.Signal=ADC4_IN4
PB15.GPIOParameters=GPIO_Label
PB15.GPIO_Label=MOT_TEMP
PB15.Locked=true
PB15.Mode=IN5-Single-Ended
PB15.Signal=ADC4_IN5
PB2.GPIOParameters=GPIO_Label
PB2.GPIO_Label=BRK
PB2.Locked=true
PB2.Signal=GPIO_Input
PB3.GPIOParameters=GPIO_Label
PB3.GPIO_Label=W_LO
PB3.Locked=true
PB3.Mode=PWM Generation1 CH1 CH1N
PB3.Signal=TIM8_CH1N
PB4.GPIOParameters=GPIO_Label
PB4.GPIO_Label=V_LO
PB4.Locked=true
PB4.Mode=PWM Generation2 CH2 CH2N
PB4.Signal=TIM8_CH2N
PB5.GPIOParameters=GPIO_Label
PB5.GPIO_Label=U_LO
PB5.Locked=true
PB5.Mode=PWM Generation3 CH3 CH3N
PB5.Signal=TIM8_CH3N
PB6.GPIOParameters=GPIO_Label
PB6.GPIO_Label=W_HI
PB6.Locked=true
PB6.Signal=S_TIM8_CH1
PB7.GPIOParameters=GPIO_Label
PB7.GPIO_Label=HV_FAULT
PB7.Locked=true
PB7.Signal=GPIO_Input
PB8.GPIOParameters=GPIO_Label
PB8.GPIO_Label=V_HI
PB8.Locked=true
PB8.Signal=S_TIM8_CH2
PB9.GPIOParameters=GPIO_Label
PB9.GPIO_Label=U_HI
PB9.Locked=true
PB9.Signal=S_TIM8_CH3
PCC.Bar.Display=Horizontal Bar
PCC.Checker=false
PCC.Display=Plot\: All Steps
PCC.Line=STM32F303
PCC.MCU=STM32F303C(B-C)Tx
PCC.PartNumber=STM32F303CBTx
PCC.SequenceTime=1.0 ms
PCC.SequenceTime.Unit=ms
PCC.Series=STM32F3
PCC.Temperature=25
PCC.Vdd=3.6
PF0-OSC_IN.Locked=true
PF0-OSC_IN.Mode=HSE-External-Oscillator
PF0-OSC_IN.Signal=RCC_OSC_IN
PF1-OSC_OUT.Locked=true
PF1-OSC_OUT.Mode=HSE-External-Oscillator
PF1-OSC_OUT.Signal=RCC_OSC_OUT
PinOutPanel.RotationAngle=0
ProjectManager.AskForMigrate=true
ProjectManager.BackupPrevious=false
ProjectManager.CompilerLinker=GCC
ProjectManager.CompilerOptimize=6
ProjectManager.ComputerToolchain=false
ProjectManager.CoupleFile=true
ProjectManager.CustomerFirmwarePackage=
ProjectManager.DefaultFWLocation=true
ProjectManager.DeletePrevious=true
ProjectManager.DeviceId=STM32F303CBTx
ProjectManager.FirmwarePackage=STM32Cube FW_F3 V1.11.6
ProjectManager.FreePins=false
ProjectManager.FreePinsContext=
ProjectManager.HalAssertFull=false
ProjectManager.HeapSize=0x200
ProjectManager.KeepUserCode=true
ProjectManager.LastFirmware=true
ProjectManager.LibraryCopy=2
ProjectManager.MainLocation=Src
ProjectManager.NoMain=false
ProjectManager.PreviousToolchain=
ProjectManager.ProjectBuild=false
ProjectManager.ProjectFileName=stmbl_f303.ioc
ProjectManager.ProjectName=stmbl_f303
ProjectManager.ProjectStructure=
ProjectManager.RegisterCallBack=
ProjectManager.StackSize=0x400
ProjectManager.TargetToolchain=Makefile
ProjectManager.ToolChainLocation=
ProjectManager.UAScriptAfterPath=
ProjectManager.UAScriptBeforePath=
ProjectManager.UnderRoot=false
ProjectManager.functionlistsort=1-SystemClock_Config-RCC-false-LL-false,2-MX_GPIO_Init-GPIO-false-LL-true,3-MX_DMA_Init-DMA-false-LL-true,4-MX_ADC1_Init-ADC1-false-LL-true,5-MX_ADC2_Init-ADC2-false-LL-true,6-MX_ADC3_Init-ADC3-false-LL-true,7-MX_ADC4_Init-ADC4-false-LL-true,8-MX_COMP1_Init-COMP1-false-LL-true,9-MX_COMP2_Init-COMP2-false-LL-true,10-MX_COMP4_Init-COMP4-false-LL-true,11-MX_CRC_Init-CRC-false-LL-true,12-MX_DAC_Init-DAC-false-LL-true,13-MX_IWDG_Init-IWDG-false-LL-true,14-MX_OPAMP1_Init-OPAMP1-false-LL-true,15-MX_OPAMP2_Init-OPAMP2-false-LL-true,16-MX_OPAMP3_Init-OPAMP3-false-LL-true,17-MX_RTC_Init-RTC-false-LL-true,18-MX_TIM8_Init-TIM8-false-LL-true,19-MX_USART3_UART_Init-USART3-false-LL-true
RCC.ADC12outputFreq_Value=36000000
RCC.ADC34outputFreq_Value=36000000
RCC.AHBFreq_Value=36000000
RCC.APB1CLKDivider=RCC_HCLK_DIV2
RCC.APB1Freq_Value=18000000
RCC.APB1TimFreq_Value=36000000
RCC.APB2Freq_Value=36000000
RCC.APB2TimFreq_Value=36000000
RCC.CortexFreq_Value=36000000
RCC.FCLKCortexFreq_Value=36000000
RCC.FamilyName=M
RCC.HCLKFreq_Value=36000000
RCC.HSEPLLFreq_Value=8000000
RCC.HSE_VALUE=8000000
RCC.HSIPLLFreq_Value=4000000
RCC.HSI_VALUE=8000000
RCC.I2C1Freq_Value=8000000
RCC.I2C2Freq_Value=8000000
RCC.IPParameters=ADC12outputFreq_Value,ADC34outputFreq_Value,AHBFreq_Value,APB1CLKDivider,APB1Freq_Value,APB1TimFreq_Value,APB2Freq_Value,APB2TimFreq_Value,CortexFreq_Value,FCLKCortexFreq_Value,FamilyName,HCLKFreq_Value,HSEPLLFreq_Value,HSE_VALUE,HSIPLLFreq_Value,HSI_VALUE,I2C1Freq_Value,I2C2Freq_Value,LSE_VALUE,LSI_VALUE,MCOFreq_Value,PLLCLKFreq_Value,PLLMCOFreq_Value,PLLMUL,PRESCALERUSB,RTCFreq_Value,RTCHSEDivFreq_Value,SYSCLKFreq_VALUE,SYSCLKSourceVirtual,TIM1Freq_Value,TIM1Selection,TIM2Freq_Value,TIM8Freq_Value,TIM8Selection,USART1Freq_Value,USART2Freq_Value,USART3Freq_Value,USBFreq_Value,Usart2ClockSelection,Usart3ClockSelection,VCOOutput2Freq_Value
RCC.LSE_VALUE=32768
RCC.LSI_VALUE=40000
RCC.MCOFreq_Value=36000000
RCC.PLLCLKFreq_Value=36000000
RCC.PLLMCOFreq_Value=18000000
RCC.PLLMUL=RCC_PLL_MUL9
RCC.PRESCALERUSB=RCC_USBCLKSOURCE_PLL_DIV1_5
RCC.RTCFreq_Value=40000
RCC.RTCHSEDivFreq_Value=250000
RCC.SYSCLKFreq_VALUE=36000000
RCC.SYSCLKSourceVirtual=RCC_SYSCLKSOURCE_PLLCLK
RCC.TIM1Freq_Value=72000000
RCC.TIM1Selection=RCC_TIM1CLK_PLLCLK
RCC.TIM2Freq_Value=36000000
RCC.TIM8Freq_Value=72000000
RCC.TIM8Selection=RCC_TIM8CLK_PLLCLK
RCC.USART1Freq_Value=36000000
RCC.USART2Freq_Value=36000000
RCC.USART3Freq_Value=36000000
RCC.USBFreq_Value=24000000
RCC.Usart2ClockSelection=RCC_USART2CLKSOURCE_SYSCLK
RCC.Usart3ClockSelection=RCC_USART3CLKSOURCE_SYSCLK
RCC.VCOOutput2Freq_Value=4000000
SH.COMP_DAC1_group.0=DAC_OUT1,DAC_OUT1
SH.COMP_DAC1_group.ConfNb=1
SH.S_TIM8_CH1.0=TIM8_CH1,PWM Generation1 CH1 CH1N
SH.S_TIM8_CH1.ConfNb=1
SH.S_TIM8_CH2.0=TIM8_CH2,PWM Generation2 CH2 CH2N
SH.S_TIM8_CH2.ConfNb=1
SH.S_TIM8_CH3.0=TIM8_CH3,PWM Generation3 CH3 CH3N
SH.S_TIM8_CH3.ConfNb=1
SH.SharedAnalog_PA1.0=OPAMP1_VINP,PGA Not Connected
SH.SharedAnalog_PA1.1=COMP1_INP,INP
SH.SharedAnalog_PA1.ConfNb=2
SH.SharedAnalog_PA7.0=OPAMP2_VINP,PGA Not Connected
SH.SharedAnalog_PA7.1=COMP2_INP,INP
SH.SharedAnalog_PA7.ConfNb=2
SH.SharedAnalog_PB0.0=OPAMP3_VINP,PGA Not Connected
SH.SharedAnalog_PB0.1=COMP4_INP,INP
SH.SharedAnalog_PB0.ConfNb=2
TIM8.AutoReloadPreload=TIM_AUTORELOAD_PRELOAD_ENABLE
TIM8.Break2Filter=12
TIM8.Break2Polarity=TIM_BREAK2POLARITY_HIGH
TIM8.Break2State=TIM_BREAK2_ENABLE
TIM8.BreakFilter=12
TIM8.BreakPolarity=TIM_BREAKPOLARITY_HIGH
TIM8.BreakState=TIM_BREAK_ENABLE
TIM8.Channel-PWM\ Generation1\ CH1\ CH1N=TIM_CHANNEL_1
TIM8.Channel-PWM\ Generation2\ CH2\ CH2N=TIM_CHANNEL_2
TIM8.Channel-PWM\ Generation3\ CH3\ CH3N=TIM_CHANNEL_3
TIM8.CounterMode=TIM_COUNTERMODE_CENTERALIGNED3
TIM8.DeadTime=196
TIM8.IPParameters=Channel-PWM Generation1 CH1 CH1N,Channel-PWM Generation2 CH2 CH2N,Channel-PWM Generation3 CH3 CH3N,CounterMode,Period,Prescaler,RepetitionCounter,AutoReloadPreload,TIM_MasterOutputTrigger,DeadTime,BreakState,BreakPolarity,BreakFilter,Break2State,Break2Polarity,Break2Filter,OffStateRunMode,OffStateIDLEMode,LockLevel
TIM8.LockLevel=TIM_LOCKLEVEL_1
TIM8.OffStateIDLEMode=TIM_OSSI_ENABLE
TIM8.OffStateRunMode=TIM_OSSR_ENABLE
TIM8.Period=4800
TIM8.Prescaler=0
TIM8.RepetitionCounter=1
TIM8.TIM_MasterOutputTrigger=TIM_TRGO_UPDATE
USART3.BaudRate=3000000
USART3.IPParameters=VirtualMode-Asynchronous,BaudRate,OverSampling
USART3.OverSampling=UART_OVERSAMPLING_8
USART3.VirtualMode-Asynchronous=VM_ASYNC
VP_ADC1_OPAMP_OUT1.Mode=IN3-OPAMP1-Single-Ended
VP_ADC1_OPAMP_OUT1.Signal=ADC1_OPAMP_OUT1
VP_ADC2_OPAMP_OUT2.Mode=IN3-OPAMP2-Single-Ended
VP_ADC2_OPAMP_OUT2.Signal=ADC2_OPAMP_OUT2
VP_ADC3_OPAMP_OUT3.Mode=IN1-OPAMP3-Single-Ended
VP_ADC3_OPAMP_OUT3.Signal=ADC3_OPAMP_OUT3
VP_COMP1_VS_DAC1OUT1.Mode=INM_DACOUT1
VP_COMP1_VS_DAC1OUT1.Signal=COMP1_VS_DAC1OUT1
VP_COMP2_VS_DAC1OUT1.Mode=INM_DACOUT1
VP_COMP2_VS_DAC1OUT1.Signal=COMP2_VS_DAC1OUT1
VP_COMP4_VS_DAC1OUT1.Mode=INM_DACOUT1
VP_COMP4_VS_DAC1OUT1.Signal=COMP4_VS_DAC1OUT1
VP_CRC_VS_CRC.Mode=CRC_Activate
VP_CRC_VS_CRC.Signal=CRC_VS_CRC
VP_IWDG_VS_IWDG.Mode=IWDG_Activate
VP_IWDG_VS_IWDG.Signal=IWDG_VS_IWDG
VP_RTC_VS_RTC_Activate.Mode=RTC_Enabled
VP_RTC_VS_RTC_Activate.Signal=RTC_VS_RTC_Activate
VP_SYS_VS_Systick.Mode=SysTick
VP_SYS_VS_Systick.Signal=SYS_VS_Systick
VP_TIM8_VS_ClockSourceINT.Mode=Internal
VP_TIM8_VS_ClockSourceINT.Signal=TIM8_VS_ClockSourceINT
board=custom
